
Microsoft Visual Studio Solution File, Format Version 12.00
# Visual Studio 15
VisualStudioVersion = 15.0.27428.2015
MinimumVisualStudioVersion = 10.0.40219.1
Project("{FAE04EC0-301F-11D3-BF4B-00C04F79EFBC}") = "bizhacksapp", "bizhacksapp\bizhacksapp.csproj", "{C73FBE6B-2C68-4A73-A6A7-AA68A5D236A0}"
EndProject
Global
	GlobalSection(SolutionConfigurationPlatforms) = preSolution
		Debug|Any CPU = Debug|Any CPU
		Release|Any CPU = Release|Any CPU
	EndGlobalSection
	GlobalSection(ProjectConfigurationPlatforms) = postSolution
		{C73FBE6B-2C68-4A73-A6A7-AA68A5D236A0}.Debug|Any CPU.ActiveCfg = Debug|Any CPU
		{C73FBE6B-2C68-4A73-A6A7-AA68A5D236A0}.Debug|Any CPU.Build.0 = Debug|Any CPU
		{C73FBE6B-2C68-4A73-A6A7-AA68A5D236A0}.Release|Any CPU.ActiveCfg = Release|Any CPU
		{C73FBE6B-2C68-4A73-A6A7-AA68A5D236A0}.Release|Any CPU.Build.0 = Release|Any CPU
	EndGlobalSection
	GlobalSection(SolutionProperties) = preSolution
		HideSolutionNode = FALSE
	EndGlobalSection
	GlobalSection(ExtensibilityGlobals) = postSolution
		SolutionGuid = {BA916B6B-7C54-4385-9EAC-6AACF590F068}
	EndGlobalSection
EndGlobal
